
Microsoft Visual Studio Solution File, Format Version 12.00
# Visual Studio Version 17
VisualStudioVersion = 17.1.32210.238
MinimumVisualStudioVersion = 10.0.40219.1
Project("{FAE04EC0-301F-11D3-BF4B-00C04F79EFBC}") = "Clase_9", "Clase_9\Clase_9.csproj", "{4201B880-BB0D-4137-B903-8133C06D9C56}"
EndProject
Global
	GlobalSection(SolutionConfigurationPlatforms) = preSolution
		Debug|Any CPU = Debug|Any CPU
		Release|Any CPU = Release|Any CPU
	EndGlobalSection
	GlobalSection(ProjectConfigurationPlatforms) = postSolution
		{4201B880-BB0D-4137-B903-8133C06D9C56}.Debug|Any CPU.ActiveCfg = Debug|Any CPU
		{4201B880-BB0D-4137-B903-8133C06D9C56}.Debug|Any CPU.Build.0 = Debug|Any CPU
		{4201B880-BB0D-4137-B903-8133C06D9C56}.Release|Any CPU.ActiveCfg = Release|Any CPU
		{4201B880-BB0D-4137-B903-8133C06D9C56}.Release|Any CPU.Build.0 = Release|Any CPU
	EndGlobalSection
	GlobalSection(SolutionProperties) = preSolution
		HideSolutionNode = FALSE
	EndGlobalSection
	GlobalSection(ExtensibilityGlobals) = postSolution
		SolutionGuid = {66DCBD36-F444-47CE-A5CD-517C26145BA6}
	EndGlobalSection
EndGlobal
