
Microsoft Visual Studio Solution File, Format Version 12.00
# Visual Studio Version 17
VisualStudioVersion = 17.1.32210.238
MinimumVisualStudioVersion = 10.0.40219.1
Project("{9A19103F-16F7-4668-BE54-9A1E7A4F7556}") = "Clase_6", "Clase_6\Clase_6.csproj", "{976B47E3-7E45-4D55-B9CA-3A549AD7EC64}"
EndProject
Project("{2150E333-8FDC-42A3-9474-1A3956D46DE8}") = "Ejercicios", "Ejercicios", "{97C4A4CB-1462-4112-BCD6-E8CC4BCBD4E9}"
EndProject
Project("{FAE04EC0-301F-11D3-BF4B-00C04F79EFBC}") = "Ejercicio_2", "Ejercicio_2\Ejercicio_2.csproj", "{64D5E673-2D8A-42F2-B925-ADE85DD81FD4}"
EndProject
Project("{FAE04EC0-301F-11D3-BF4B-00C04F79EFBC}") = "Ejercicio_4", "Ejercicio_4\Ejercicio_4.csproj", "{41D7DEC7-A3DE-4810-A615-5C82E3DE205E}"
EndProject
Global
	GlobalSection(SolutionConfigurationPlatforms) = preSolution
		Debug|Any CPU = Debug|Any CPU
		Release|Any CPU = Release|Any CPU
	EndGlobalSection
	GlobalSection(ProjectConfigurationPlatforms) = postSolution
		{976B47E3-7E45-4D55-B9CA-3A549AD7EC64}.Debug|Any CPU.ActiveCfg = Debug|Any CPU
		{976B47E3-7E45-4D55-B9CA-3A549AD7EC64}.Debug|Any CPU.Build.0 = Debug|Any CPU
		{976B47E3-7E45-4D55-B9CA-3A549AD7EC64}.Release|Any CPU.ActiveCfg = Release|Any CPU
		{976B47E3-7E45-4D55-B9CA-3A549AD7EC64}.Release|Any CPU.Build.0 = Release|Any CPU
		{64D5E673-2D8A-42F2-B925-ADE85DD81FD4}.Debug|Any CPU.ActiveCfg = Debug|Any CPU
		{64D5E673-2D8A-42F2-B925-ADE85DD81FD4}.Debug|Any CPU.Build.0 = Debug|Any CPU
		{64D5E673-2D8A-42F2-B925-ADE85DD81FD4}.Release|Any CPU.ActiveCfg = Release|Any CPU
		{64D5E673-2D8A-42F2-B925-ADE85DD81FD4}.Release|Any CPU.Build.0 = Release|Any CPU
		{41D7DEC7-A3DE-4810-A615-5C82E3DE205E}.Debug|Any CPU.ActiveCfg = Debug|Any CPU
		{41D7DEC7-A3DE-4810-A615-5C82E3DE205E}.Debug|Any CPU.Build.0 = Debug|Any CPU
		{41D7DEC7-A3DE-4810-A615-5C82E3DE205E}.Release|Any CPU.ActiveCfg = Release|Any CPU
		{41D7DEC7-A3DE-4810-A615-5C82E3DE205E}.Release|Any CPU.Build.0 = Release|Any CPU
	EndGlobalSection
	GlobalSection(SolutionProperties) = preSolution
		HideSolutionNode = FALSE
	EndGlobalSection
	GlobalSection(NestedProjects) = preSolution
		{64D5E673-2D8A-42F2-B925-ADE85DD81FD4} = {97C4A4CB-1462-4112-BCD6-E8CC4BCBD4E9}
	EndGlobalSection
	GlobalSection(ExtensibilityGlobals) = postSolution
		SolutionGuid = {5A01AD45-C0B9-4655-B0BA-669C329EC04B}
	EndGlobalSection
EndGlobal
